
Microsoft Visual Studio Solution File, Format Version 12.00
# Visual Studio Version 17
VisualStudioVersion = 17.1.32421.90
MinimumVisualStudioVersion = 10.0.40219.1
Project("{9A19103F-16F7-4668-BE54-9A1E7A4F7556}") = "UnifyFramework", "UnifyFramework\UnifyFramework.csproj", "{140AEBA7-18FB-4CD5-BFC6-440299C007EF}"
EndProject
Project("{9A19103F-16F7-4668-BE54-9A1E7A4F7556}") = "PacketGenerator", "PacketGenerator\PacketGenerator.csproj", "{3F2524E7-EEBE-4BC3-A491-EF140A724684}"
EndProject
Global
	GlobalSection(SolutionConfigurationPlatforms) = preSolution
		Debug|Any CPU = Debug|Any CPU
		Release|Any CPU = Release|Any CPU
	EndGlobalSection
	GlobalSection(ProjectConfigurationPlatforms) = postSolution
		{140AEBA7-18FB-4CD5-BFC6-440299C007EF}.Debug|Any CPU.ActiveCfg = Debug|Any CPU
		{140AEBA7-18FB-4CD5-BFC6-440299C007EF}.Debug|Any CPU.Build.0 = Debug|Any CPU
		{140AEBA7-18FB-4CD5-BFC6-440299C007EF}.Release|Any CPU.ActiveCfg = Release|Any CPU
		{140AEBA7-18FB-4CD5-BFC6-440299C007EF}.Release|Any CPU.Build.0 = Release|Any CPU
		{3F2524E7-EEBE-4BC3-A491-EF140A724684}.Debug|Any CPU.ActiveCfg = Debug|Any CPU
		{3F2524E7-EEBE-4BC3-A491-EF140A724684}.Debug|Any CPU.Build.0 = Debug|Any CPU
		{3F2524E7-EEBE-4BC3-A491-EF140A724684}.Release|Any CPU.ActiveCfg = Release|Any CPU
		{3F2524E7-EEBE-4BC3-A491-EF140A724684}.Release|Any CPU.Build.0 = Release|Any CPU
	EndGlobalSection
	GlobalSection(SolutionProperties) = preSolution
		HideSolutionNode = FALSE
	EndGlobalSection
	GlobalSection(ExtensibilityGlobals) = postSolution
		SolutionGuid = {375B2E7D-A0D4-442B-BC43-290ECA234A78}
	EndGlobalSection
EndGlobal
